// !$*UTF8*$!
{
	archiveVersion = 1;
	classes = {
	};
	objectVersion = 46;
	objects = {

/* Begin PBXBuildFile section */
		0B35E4C91CF9BE9A00ADF75E /* RNTableViewCell.m in Sources */ = {isa = PBXBuildFile; fileRef = 0B35E4C81CF9BE9A00ADF75E /* RNTableViewCell.m */; };
		0B35E4CC1CF9C5FB00ADF75E /* RNNoteTableViewController.m in Sources */ = {isa = PBXBuildFile; fileRef = 0B35E4CB1CF9C5FB00ADF75E /* RNNoteTableViewController.m */; };
		0B35E4D01CF9C88000ADF75E /* RNUtils.m in Sources */ = {isa = PBXBuildFile; fileRef = 0B35E4CF1CF9C88000ADF75E /* RNUtils.m */; };
		0BA1E39C1D39391500C9F414 /* UIImageView+RNCornerRadius.m in Sources */ = {isa = PBXBuildFile; fileRef = 0BA1E39B1D39391500C9F414 /* UIImageView+RNCornerRadius.m */; };
		0BD85EF11CD49EE600FFE592 /* AppDelegate.m in Sources */ = {isa = PBXBuildFile; fileRef = 0BD85EF01CD49EE600FFE592 /* AppDelegate.m */; };
		0BD85EF51CD49F3500FFE592 /* Assets.xcassets in Resources */ = {isa = PBXBuildFile; fileRef = 0BD85EF31CD49F3500FFE592 /* Assets.xcassets */; };
		0BD85EF61CD49F3500FFE592 /* Info.plist in Resources */ = {isa = PBXBuildFile; fileRef = 0BD85EF41CD49F3500FFE592 /* Info.plist */; };
		0BD85EF81CD49F5C00FFE592 /* main.m in Sources */ = {isa = PBXBuildFile; fileRef = 0BD85EF71CD49F5C00FFE592 /* main.m */; };
		0BD85EFB1CD49F6600FFE592 /* LaunchScreen.storyboard in Resources */ = {isa = PBXBuildFile; fileRef = 0BD85EF91CD49F6600FFE592 /* LaunchScreen.storyboard */; };
		0BD85F051CD4A16B00FFE592 /* RNRootViewConroller.m in Sources */ = {isa = PBXBuildFile; fileRef = 0BD85F041CD4A16B00FFE592 /* RNRootViewConroller.m */; };
		0BD85F081CD4A23400FFE592 /* WebKit.framework in Frameworks */ = {isa = PBXBuildFile; fileRef = 0BD85F071CD4A23400FFE592 /* WebKit.framework */; };
		0BD85F0B1CD4A28600FFE592 /* RNTabBarController.m in Sources */ = {isa = PBXBuildFile; fileRef = 0BD85F0A1CD4A28600FFE592 /* RNTabBarController.m */; };
		0BD85F0F1CD4BAF800FFE592 /* RNTableViewController.m in Sources */ = {isa = PBXBuildFile; fileRef = 0BD85F0E1CD4BAF800FFE592 /* RNTableViewController.m */; };
		0BDFC8361CD731CD0027CC45 /* UIKit.framework in Frameworks */ = {isa = PBXBuildFile; fileRef = 0BDFC8351CD731CD0027CC45 /* UIKit.framework */; };
		0BDFC8391CD771EA0027CC45 /* RNHorizonalTableViewController.m in Sources */ = {isa = PBXBuildFile; fileRef = 0BDFC8381CD771EA0027CC45 /* RNHorizonalTableViewController.m */; };
		0BF26D831CF95E6A00C0B606 /* RNNoteMainViewController.m in Sources */ = {isa = PBXBuildFile; fileRef = 0BF26D821CF95E6A00C0B606 /* RNNoteMainViewController.m */; };
		5DF9A6CF038401B243D33257 /* libPods-ReadNote.a in Frameworks */ = {isa = PBXBuildFile; fileRef = AB2A85A029FFA414BE9CCB8E /* libPods-ReadNote.a */; };
/* End PBXBuildFile section */

/* Begin PBXFileReference section */
		0B35E4C71CF9BE9A00ADF75E /* RNTableViewCell.h */ = {isa = PBXFileReference; fileEncoding = 4; lastKnownFileType = sourcecode.c.h; path = RNTableViewCell.h; sourceTree = "<group>"; };
		0B35E4C81CF9BE9A00ADF75E /* RNTableViewCell.m */ = {isa = PBXFileReference; fileEncoding = 4; lastKnownFileType = sourcecode.c.objc; path = RNTableViewCell.m; sourceTree = "<group>"; };
		0B35E4CA1CF9C5FB00ADF75E /* RNNoteTableViewController.h */ = {isa = PBXFileReference; fileEncoding = 4; lastKnownFileType = sourcecode.c.h; path = RNNoteTableViewController.h; sourceTree = "<group>"; };
		0B35E4CB1CF9C5FB00ADF75E /* RNNoteTableViewController.m */ = {isa = PBXFileReference; fileEncoding = 4; lastKnownFileType = sourcecode.c.objc; path = RNNoteTableViewController.m; sourceTree = "<group>"; };
		0B35E4CE1CF9C88000ADF75E /* RNUtils.h */ = {isa = PBXFileReference; fileEncoding = 4; lastKnownFileType = sourcecode.c.h; path = RNUtils.h; sourceTree = "<group>"; };
		0B35E4CF1CF9C88000ADF75E /* RNUtils.m */ = {isa = PBXFileReference; fileEncoding = 4; lastKnownFileType = sourcecode.c.objc; path = RNUtils.m; sourceTree = "<group>"; };
		0BA1E39A1D39391500C9F414 /* UIImageView+RNCornerRadius.h */ = {isa = PBXFileReference; fileEncoding = 4; lastKnownFileType = sourcecode.c.h; path = "UIImageView+RNCornerRadius.h"; sourceTree = "<group>"; };
		0BA1E39B1D39391500C9F414 /* UIImageView+RNCornerRadius.m */ = {isa = PBXFileReference; fileEncoding = 4; lastKnownFileType = sourcecode.c.objc; path = "UIImageView+RNCornerRadius.m"; sourceTree = "<group>"; };
		0BD85ED01CD4821600FFE592 /* ReadNote.app */ = {isa = PBXFileReference; explicitFileType = wrapper.application; includeInIndex = 0; path = ReadNote.app; sourceTree = BUILT_PRODUCTS_DIR; };
		0BD85EEF1CD49EE600FFE592 /* AppDelegate.h */ = {isa = PBXFileReference; fileEncoding = 4; lastKnownFileType = sourcecode.c.h; path = AppDelegate.h; sourceTree = "<group>"; };
		0BD85EF01CD49EE600FFE592 /* AppDelegate.m */ = {isa = PBXFileReference; fileEncoding = 4; lastKnownFileType = sourcecode.c.objc; path = AppDelegate.m; sourceTree = "<group>"; };
		0BD85EF31CD49F3500FFE592 /* Assets.xcassets */ = {isa = PBXFileReference; lastKnownFileType = folder.assetcatalog; name = Assets.xcassets; path = ReadNote/Assets.xcassets; sourceTree = "<group>"; };
		0BD85EF41CD49F3500FFE592 /* Info.plist */ = {isa = PBXFileReference; fileEncoding = 4; lastKnownFileType = text.plist.xml; name = Info.plist; path = ReadNote/Info.plist; sourceTree = "<group>"; };
		0BD85EF71CD49F5C00FFE592 /* main.m */ = {isa = PBXFileReference; fileEncoding = 4; lastKnownFileType = sourcecode.c.objc; name = main.m; path = ReadNote/main.m; sourceTree = "<group>"; };
		0BD85EFA1CD49F6600FFE592 /* Base */ = {isa = PBXFileReference; lastKnownFileType = file.storyboard; name = Base; path = ReadNote/Base.lproj/LaunchScreen.storyboard; sourceTree = "<group>"; };
		0BD85F031CD4A16B00FFE592 /* RNRootViewConroller.h */ = {isa = PBXFileReference; fileEncoding = 4; lastKnownFileType = sourcecode.c.h; path = RNRootViewConroller.h; sourceTree = "<group>"; };
		0BD85F041CD4A16B00FFE592 /* RNRootViewConroller.m */ = {isa = PBXFileReference; fileEncoding = 4; lastKnownFileType = sourcecode.c.objc; path = RNRootViewConroller.m; sourceTree = "<group>"; };
		0BD85F071CD4A23400FFE592 /* WebKit.framework */ = {isa = PBXFileReference; lastKnownFileType = wrapper.framework; name = WebKit.framework; path = System/Library/Frameworks/WebKit.framework; sourceTree = SDKROOT; };
		0BD85F091CD4A28600FFE592 /* RNTabBarController.h */ = {isa = PBXFileReference; fileEncoding = 4; lastKnownFileType = sourcecode.c.h; path = RNTabBarController.h; sourceTree = "<group>"; };
		0BD85F0A1CD4A28600FFE592 /* RNTabBarController.m */ = {isa = PBXFileReference; fileEncoding = 4; lastKnownFileType = sourcecode.c.objc; path = RNTabBarController.m; sourceTree = "<group>"; };
		0BD85F0D1CD4BAF800FFE592 /* RNTableViewController.h */ = {isa = PBXFileReference; fileEncoding = 4; lastKnownFileType = sourcecode.c.h; path = RNTableViewController.h; sourceTree = "<group>"; };
		0BD85F0E1CD4BAF800FFE592 /* RNTableViewController.m */ = {isa = PBXFileReference; fileEncoding = 4; lastKnownFileType = sourcecode.c.objc; path = RNTableViewController.m; sourceTree = "<group>"; };
		0BDFC8351CD731CD0027CC45 /* UIKit.framework */ = {isa = PBXFileReference; lastKnownFileType = wrapper.framework; name = UIKit.framework; path = System/Library/Frameworks/UIKit.framework; sourceTree = SDKROOT; };
		0BDFC8371CD771EA0027CC45 /* RNHorizonalTableViewController.h */ = {isa = PBXFileReference; fileEncoding = 4; lastKnownFileType = sourcecode.c.h; path = RNHorizonalTableViewController.h; sourceTree = "<group>"; };
		0BDFC8381CD771EA0027CC45 /* RNHorizonalTableViewController.m */ = {isa = PBXFileReference; fileEncoding = 4; lastKnownFileType = sourcecode.c.objc; path = RNHorizonalTableViewController.m; sourceTree = "<group>"; };
		0BF26D811CF95E6A00C0B606 /* RNNoteMainViewController.h */ = {isa = PBXFileReference; fileEncoding = 4; lastKnownFileType = sourcecode.c.h; path = RNNoteMainViewController.h; sourceTree = "<group>"; };
		0BF26D821CF95E6A00C0B606 /* RNNoteMainViewController.m */ = {isa = PBXFileReference; fileEncoding = 4; lastKnownFileType = sourcecode.c.objc; path = RNNoteMainViewController.m; sourceTree = "<group>"; };
		12B459A371A6AD3ED7FD312D /* Pods-ReadNote.debug.xcconfig */ = {isa = PBXFileReference; includeInIndex = 1; lastKnownFileType = text.xcconfig; name = "Pods-ReadNote.debug.xcconfig"; path = "Pods/Target Support Files/Pods-ReadNote/Pods-ReadNote.debug.xcconfig"; sourceTree = "<group>"; };
		2B07C22B5B85E10878C07AB0 /* Pods-ReadNote.release.xcconfig */ = {isa = PBXFileReference; includeInIndex = 1; lastKnownFileType = text.xcconfig; name = "Pods-ReadNote.release.xcconfig"; path = "Pods/Target Support Files/Pods-ReadNote/Pods-ReadNote.release.xcconfig"; sourceTree = "<group>"; };
		AB2A85A029FFA414BE9CCB8E /* libPods-ReadNote.a */ = {isa = PBXFileReference; explicitFileType = archive.ar; includeInIndex = 0; path = "libPods-ReadNote.a"; sourceTree = BUILT_PRODUCTS_DIR; };
/* End PBXFileReference section */

/* Begin PBXFrameworksBuildPhase section */
		0BD85ECD1CD4821600FFE592 /* Frameworks */ = {
			isa = PBXFrameworksBuildPhase;
			buildActionMask = 2147483647;
			files = (
				0BDFC8361CD731CD0027CC45 /* UIKit.framework in Frameworks */,
				0BD85F081CD4A23400FFE592 /* WebKit.framework in Frameworks */,
				5DF9A6CF038401B243D33257 /* libPods-ReadNote.a in Frameworks */,
			);
			runOnlyForDeploymentPostprocessing = 0;
		};
/* End PBXFrameworksBuildPhase section */

/* Begin PBXGroup section */
		0B35E4C61CF9BE8300ADF75E /* Cell */ = {
			isa = PBXGroup;
			children = (
				0B35E4C71CF9BE9A00ADF75E /* RNTableViewCell.h */,
				0B35E4C81CF9BE9A00ADF75E /* RNTableViewCell.m */,
				0BA1E39A1D39391500C9F414 /* UIImageView+RNCornerRadius.h */,
				0BA1E39B1D39391500C9F414 /* UIImageView+RNCornerRadius.m */,
			);
			path = Cell;
			sourceTree = "<group>";
		};
		0B35E4CD1CF9C87000ADF75E /* Utils */ = {
			isa = PBXGroup;
			children = (
				0B35E4CE1CF9C88000ADF75E /* RNUtils.h */,
				0B35E4CF1CF9C88000ADF75E /* RNUtils.m */,
			);
			name = Utils;
			path = Classes/Utils;
			sourceTree = "<group>";
		};
		0BD85EC71CD4821600FFE592 = {
			isa = PBXGroup;
			children = (
				0BD85EEB1CD49D3A00FFE592 /* Classes */,
				0BD85F061CD4A21A00FFE592 /* Frameworks */,
				0BD85ED11CD4821600FFE592 /* Products */,
				0BD85EF21CD49F1F00FFE592 /* Resources */,
				3C0CB523DDD50F289472D7E1 /* Pods */,
			);
			sourceTree = "<group>";
		};
		0BD85ED11CD4821600FFE592 /* Products */ = {
			isa = PBXGroup;
			children = (
				0BD85ED01CD4821600FFE592 /* ReadNote.app */,
			);
			name = Products;
			sourceTree = "<group>";
		};
		0BD85EEB1CD49D3A00FFE592 /* Classes */ = {
			isa = PBXGroup;
			children = (
				0BD85EEE1CD49EC700FFE592 /* AppDelegate */,
				0BD85EFC1CD4A0FE00FFE592 /* Main */,
				0BD85F001CD4A15500FFE592 /* Models */,
				0B35E4CD1CF9C87000ADF75E /* Utils */,
				0BD85F011CD4A15500FFE592 /* ViewConrollers */,
				0BD85F021CD4A15500FFE592 /* Views */,
			);
			name = Classes;
			sourceTree = "<group>";
		};
		0BD85EEE1CD49EC700FFE592 /* AppDelegate */ = {
			isa = PBXGroup;
			children = (
				0BD85EEF1CD49EE600FFE592 /* AppDelegate.h */,
				0BD85EF01CD49EE600FFE592 /* AppDelegate.m */,
			);
			name = AppDelegate;
			path = Classes/AppDelegate;
			sourceTree = "<group>";
		};
		0BD85EF21CD49F1F00FFE592 /* Resources */ = {
			isa = PBXGroup;
			children = (
				0BD85EF91CD49F6600FFE592 /* LaunchScreen.storyboard */,
				0BD85EF71CD49F5C00FFE592 /* main.m */,
				0BD85EF31CD49F3500FFE592 /* Assets.xcassets */,
				0BD85EF41CD49F3500FFE592 /* Info.plist */,
			);
			name = Resources;
			sourceTree = "<group>";
		};
		0BD85EFC1CD4A0FE00FFE592 /* Main */ = {
			isa = PBXGroup;
			children = (
				0BD85F031CD4A16B00FFE592 /* RNRootViewConroller.h */,
				0BD85F041CD4A16B00FFE592 /* RNRootViewConroller.m */,
				0BD85F091CD4A28600FFE592 /* RNTabBarController.h */,
				0BD85F0A1CD4A28600FFE592 /* RNTabBarController.m */,
			);
			name = Main;
			path = Classes/Main;
			sourceTree = "<group>";
		};
		0BD85F001CD4A15500FFE592 /* Models */ = {
			isa = PBXGroup;
			children = (
			);
			name = Models;
			path = Classes/Models;
			sourceTree = "<group>";
		};
		0BD85F011CD4A15500FFE592 /* ViewConrollers */ = {
			isa = PBXGroup;
			children = (
				0BF26D801CF95E5400C0B606 /* Note */,
				0BD85F0C1CD4BA4500FFE592 /* BaseControllers */,
			);
			name = ViewConrollers;
			path = Classes/ViewConrollers;
			sourceTree = "<group>";
		};
		0BD85F021CD4A15500FFE592 /* Views */ = {
			isa = PBXGroup;
			children = (
				0B35E4C61CF9BE8300ADF75E /* Cell */,
			);
			name = Views;
			path = Classes/Views;
			sourceTree = "<group>";
		};
		0BD85F061CD4A21A00FFE592 /* Frameworks */ = {
			isa = PBXGroup;
			children = (
				0BDFC8351CD731CD0027CC45 /* UIKit.framework */,
				0BD85F071CD4A23400FFE592 /* WebKit.framework */,
				AB2A85A029FFA414BE9CCB8E /* libPods-ReadNote.a */,
			);
			name = Frameworks;
			sourceTree = "<group>";
		};
		0BD85F0C1CD4BA4500FFE592 /* BaseControllers */ = {
			isa = PBXGroup;
			children = (
				0BD85F0D1CD4BAF800FFE592 /* RNTableViewController.h */,
				0BD85F0E1CD4BAF800FFE592 /* RNTableViewController.m */,
				0BDFC8371CD771EA0027CC45 /* RNHorizonalTableViewController.h */,
				0BDFC8381CD771EA0027CC45 /* RNHorizonalTableViewController.m */,
			);
			path = BaseControllers;
			sourceTree = "<group>";
		};
		0BF26D801CF95E5400C0B606 /* Note */ = {
			isa = PBXGroup;
			children = (
				0BF26D811CF95E6A00C0B606 /* RNNoteMainViewController.h */,
				0BF26D821CF95E6A00C0B606 /* RNNoteMainViewController.m */,
				0B35E4CA1CF9C5FB00ADF75E /* RNNoteTableViewController.h */,
				0B35E4CB1CF9C5FB00ADF75E /* RNNoteTableViewController.m */,
			);
			path = Note;
			sourceTree = "<group>";
		};
		3C0CB523DDD50F289472D7E1 /* Pods */ = {
			isa = PBXGroup;
			children = (
				12B459A371A6AD3ED7FD312D /* Pods-ReadNote.debug.xcconfig */,
				2B07C22B5B85E10878C07AB0 /* Pods-ReadNote.release.xcconfig */,
			);
			name = Pods;
			sourceTree = "<group>";
		};
/* End PBXGroup section */

/* Begin PBXNativeTarget section */
		0BD85ECF1CD4821600FFE592 /* ReadNote */ = {
			isa = PBXNativeTarget;
			buildConfigurationList = 0BD85EE71CD4821600FFE592 /* Build configuration list for PBXNativeTarget "ReadNote" */;
			buildPhases = (
				E93349E1D5D203B972791953 /* 📦 Check Pods Manifest.lock */,
				0BD85ECC1CD4821600FFE592 /* Sources */,
				0BD85ECD1CD4821600FFE592 /* Frameworks */,
				0BD85ECE1CD4821600FFE592 /* Resources */,
				B946C829AD3611CD32A6EDC0 /* 📦 Embed Pods Frameworks */,
				655BDB122963287FF678EAB7 /* 📦 Copy Pods Resources */,
			);
			buildRules = (
			);
			dependencies = (
			);
			name = ReadNote;
			productName = ReadNote;
			productReference = 0BD85ED01CD4821600FFE592 /* ReadNote.app */;
			productType = "com.apple.product-type.application";
		};
/* End PBXNativeTarget section */

/* Begin PBXProject section */
		0BD85EC81CD4821600FFE592 /* Project object */ = {
			isa = PBXProject;
			attributes = {
				LastUpgradeCheck = 0720;
				ORGANIZATIONNAME = tanzk;
				TargetAttributes = {
					0BD85ECF1CD4821600FFE592 = {
						CreatedOnToolsVersion = 7.2;
					};
				};
			};
			buildConfigurationList = 0BD85ECB1CD4821600FFE592 /* Build configuration list for PBXProject "ReadNote" */;
			compatibilityVersion = "Xcode 3.2";
			developmentRegion = English;
			hasScannedForEncodings = 0;
			knownRegions = (
				en,
				Base,
			);
			mainGroup = 0BD85EC71CD4821600FFE592;
			productRefGroup = 0BD85ED11CD4821600FFE592 /* Products */;
			projectDirPath = "";
			projectRoot = "";
			targets = (
				0BD85ECF1CD4821600FFE592 /* ReadNote */,
			);
		};
/* End PBXProject section */

/* Begin PBXResourcesBuildPhase section */
		0BD85ECE1CD4821600FFE592 /* Resources */ = {
			isa = PBXResourcesBuildPhase;
			buildActionMask = 2147483647;
			files = (
				0BD85EFB1CD49F6600FFE592 /* LaunchScreen.storyboard in Resources */,
				0BD85EF61CD49F3500FFE592 /* Info.plist in Resources */,
				0BD85EF51CD49F3500FFE592 /* Assets.xcassets in Resources */,
			);
			runOnlyForDeploymentPostprocessing = 0;
		};
/* End PBXResourcesBuildPhase section */

/* Begin PBXShellScriptBuildPhase section */
		655BDB122963287FF678EAB7 /* 📦 Copy Pods Resources */ = {
			isa = PBXShellScriptBuildPhase;
			buildActionMask = 2147483647;
			files = (
			);
			inputPaths = (
			);
			name = "📦 Copy Pods Resources";
			outputPaths = (
			);
			runOnlyForDeploymentPostprocessing = 0;
			shellPath = /bin/sh;
			shellScript = "\"${SRCROOT}/Pods/Target Support Files/Pods-ReadNote/Pods-ReadNote-resources.sh\"\n";
			showEnvVarsInLog = 0;
		};
		B946C829AD3611CD32A6EDC0 /* 📦 Embed Pods Frameworks */ = {
			isa = PBXShellScriptBuildPhase;
			buildActionMask = 2147483647;
			files = (
			);
			inputPaths = (
			);
			name = "📦 Embed Pods Frameworks";
			outputPaths = (
			);
			runOnlyForDeploymentPostprocessing = 0;
			shellPath = /bin/sh;
			shellScript = "\"${SRCROOT}/Pods/Target Support Files/Pods-ReadNote/Pods-ReadNote-frameworks.sh\"\n";
			showEnvVarsInLog = 0;
		};
		E93349E1D5D203B972791953 /* 📦 Check Pods Manifest.lock */ = {
			isa = PBXShellScriptBuildPhase;
			buildActionMask = 2147483647;
			files = (
			);
			inputPaths = (
			);
			name = "📦 Check Pods Manifest.lock";
			outputPaths = (
			);
			runOnlyForDeploymentPostprocessing = 0;
			shellPath = /bin/sh;
			shellScript = "diff \"${PODS_ROOT}/../Podfile.lock\" \"${PODS_ROOT}/Manifest.lock\" > /dev/null\nif [[ $? != 0 ]] ; then\n    cat << EOM\nerror: The sandbox is not in sync with the Podfile.lock. Run 'pod install' or update your CocoaPods installation.\nEOM\n    exit 1\nfi\n";
			showEnvVarsInLog = 0;
		};
/* End PBXShellScriptBuildPhase section */

/* Begin PBXSourcesBuildPhase section */
		0BD85ECC1CD4821600FFE592 /* Sources */ = {
			isa = PBXSourcesBuildPhase;
			buildActionMask = 2147483647;
			files = (
				0BDFC8391CD771EA0027CC45 /* RNHorizonalTableViewController.m in Sources */,
				0BF26D831CF95E6A00C0B606 /* RNNoteMainViewController.m in Sources */,
				0B35E4CC1CF9C5FB00ADF75E /* RNNoteTableViewController.m in Sources */,
				0B35E4D01CF9C88000ADF75E /* RNUtils.m in Sources */,
				0BA1E39C1D39391500C9F414 /* UIImageView+RNCornerRadius.m in Sources */,
				0BD85EF81CD49F5C00FFE592 /* main.m in Sources */,
				0BD85EF11CD49EE600FFE592 /* AppDelegate.m in Sources */,
				0BD85F051CD4A16B00FFE592 /* RNRootViewConroller.m in Sources */,
				0BD85F0F1CD4BAF800FFE592 /* RNTableViewController.m in Sources */,
				0BD85F0B1CD4A28600FFE592 /* RNTabBarController.m in Sources */,
				0B35E4C91CF9BE9A00ADF75E /* RNTableViewCell.m in Sources */,
			);
			runOnlyForDeploymentPostprocessing = 0;
		};
/* End PBXSourcesBuildPhase section */

/* Begin PBXVariantGroup section */
		0BD85EF91CD49F6600FFE592 /* LaunchScreen.storyboard */ = {
			isa = PBXVariantGroup;
			children = (
				0BD85EFA1CD49F6600FFE592 /* Base */,
			);
			name = LaunchScreen.storyboard;
			sourceTree = "<group>";
		};
/* End PBXVariantGroup section */

/* Begin XCBuildConfiguration section */
		0BD85EE51CD4821600FFE592 /* Debug */ = {
			isa = XCBuildConfiguration;
			buildSettings = {
				ALWAYS_SEARCH_USER_PATHS = NO;
				CLANG_CXX_LANGUAGE_STANDARD = "gnu++0x";
				CLANG_CXX_LIBRARY = "libc++";
				CLANG_ENABLE_MODULES = YES;
				CLANG_ENABLE_OBJC_ARC = YES;
				CLANG_WARN_BOOL_CONVERSION = YES;
				CLANG_WARN_CONSTANT_CONVERSION = YES;
				CLANG_WARN_DIRECT_OBJC_ISA_USAGE = YES_ERROR;
				CLANG_WARN_EMPTY_BODY = YES;
				CLANG_WARN_ENUM_CONVERSION = YES;
				CLANG_WARN_INT_CONVERSION = YES;
				CLANG_WARN_OBJC_ROOT_CLASS = YES_ERROR;
				CLANG_WARN_UNREACHABLE_CODE = YES;
				CLANG_WARN__DUPLICATE_METHOD_MATCH = YES;
				"CODE_SIGN_IDENTITY[sdk=iphoneos*]" = "iPhone Developer";
				COPY_PHASE_STRIP = NO;
				DEBUG_INFORMATION_FORMAT = dwarf;
				ENABLE_STRICT_OBJC_MSGSEND = YES;
				ENABLE_TESTABILITY = YES;
				GCC_C_LANGUAGE_STANDARD = gnu99;
				GCC_DYNAMIC_NO_PIC = NO;
				GCC_NO_COMMON_BLOCKS = YES;
				GCC_OPTIMIZATION_LEVEL = 0;
				GCC_PREPROCESSOR_DEFINITIONS = (
					"DEBUG=1",
					"$(inherited)",
				);
				GCC_WARN_64_TO_32_BIT_CONVERSION = YES;
				GCC_WARN_ABOUT_RETURN_TYPE = YES_ERROR;
				GCC_WARN_UNDECLARED_SELECTOR = YES;
				GCC_WARN_UNINITIALIZED_AUTOS = YES_AGGRESSIVE;
				GCC_WARN_UNUSED_FUNCTION = YES;
				GCC_WARN_UNUSED_VARIABLE = YES;
				IPHONEOS_DEPLOYMENT_TARGET = 9.2;
				MTL_ENABLE_DEBUG_INFO = YES;
				ONLY_ACTIVE_ARCH = YES;
				SDKROOT = iphoneos;
				TARGETED_DEVICE_FAMILY = "1,2";
			};
			name = Debug;
		};
		0BD85EE61CD4821600FFE592 /* Release */ = {
			isa = XCBuildConfiguration;
			buildSettings = {
				ALWAYS_SEARCH_USER_PATHS = NO;
				CLANG_CXX_LANGUAGE_STANDARD = "gnu++0x";
				CLANG_CXX_LIBRARY = "libc++";
				CLANG_ENABLE_MODULES = YES;
				CLANG_ENABLE_OBJC_ARC = YES;
				CLANG_WARN_BOOL_CONVERSION = YES;
				CLANG_WARN_CONSTANT_CONVERSION = YES;
				CLANG_WARN_DIRECT_OBJC_ISA_USAGE = YES_ERROR;
				CLANG_WARN_EMPTY_BODY = YES;
				CLANG_WARN_ENUM_CONVERSION = YES;
				CLANG_WARN_INT_CONVERSION = YES;
				CLANG_WARN_OBJC_ROOT_CLASS = YES_ERROR;
				CLANG_WARN_UNREACHABLE_CODE = YES;
				CLANG_WARN__DUPLICATE_METHOD_MATCH = YES;
				"CODE_SIGN_IDENTITY[sdk=iphoneos*]" = "iPhone Developer";
				COPY_PHASE_STRIP = NO;
				DEBUG_INFORMATION_FORMAT = "dwarf-with-dsym";
				ENABLE_NS_ASSERTIONS = NO;
				ENABLE_STRICT_OBJC_MSGSEND = YES;
				GCC_C_LANGUAGE_STANDARD = gnu99;
				GCC_NO_COMMON_BLOCKS = YES;
				GCC_WARN_64_TO_32_BIT_CONVERSION = YES;
				GCC_WARN_ABOUT_RETURN_TYPE = YES_ERROR;
				GCC_WARN_UNDECLARED_SELECTOR = YES;
				GCC_WARN_UNINITIALIZED_AUTOS = YES_AGGRESSIVE;
				GCC_WARN_UNUSED_FUNCTION = YES;
				GCC_WARN_UNUSED_VARIABLE = YES;
				IPHONEOS_DEPLOYMENT_TARGET = 9.2;
				MTL_ENABLE_DEBUG_INFO = NO;
				SDKROOT = iphoneos;
				TARGETED_DEVICE_FAMILY = "1,2";
				VALIDATE_PRODUCT = YES;
			};
			name = Release;
		};
		0BD85EE81CD4821600FFE592 /* Debug */ = {
			isa = XCBuildConfiguration;
			baseConfigurationReference = 12B459A371A6AD3ED7FD312D /* Pods-ReadNote.debug.xcconfig */;
			buildSettings = {
				ASSETCATALOG_COMPILER_APPICON_NAME = AppIcon;
				INFOPLIST_FILE = ReadNote/Info.plist;
				LD_RUNPATH_SEARCH_PATHS = "$(inherited) @executable_path/Frameworks";
				PRODUCT_BUNDLE_IDENTIFIER = com.kkTech.ReadNote;
				PRODUCT_NAME = "$(TARGET_NAME)";
			};
			name = Debug;
		};
		0BD85EE91CD4821600FFE592 /* Release */ = {
			isa = XCBuildConfiguration;
			baseConfigurationReference = 2B07C22B5B85E10878C07AB0 /* Pods-ReadNote.release.xcconfig */;
			buildSettings = {
				ASSETCATALOG_COMPILER_APPICON_NAME = AppIcon;
				INFOPLIST_FILE = ReadNote/Info.plist;
				LD_RUNPATH_SEARCH_PATHS = "$(inherited) @executable_path/Frameworks";
				PRODUCT_BUNDLE_IDENTIFIER = com.kkTech.ReadNote;
				PRODUCT_NAME = "$(TARGET_NAME)";
			};
			name = Release;
		};
/* End XCBuildConfiguration section */

/* Begin XCConfigurationList section */
		0BD85ECB1CD4821600FFE592 /* Build configuration list for PBXProject "ReadNote" */ = {
			isa = XCConfigurationList;
			buildConfigurations = (
				0BD85EE51CD4821600FFE592 /* Debug */,
				0BD85EE61CD4821600FFE592 /* Release */,
			);
			defaultConfigurationIsVisible = 0;
			defaultConfigurationName = Release;
		};
		0BD85EE71CD4821600FFE592 /* Build configuration list for PBXNativeTarget "ReadNote" */ = {
			isa = XCConfigurationList;
			buildConfigurations = (
				0BD85EE81CD4821600FFE592 /* Debug */,
				0BD85EE91CD4821600FFE592 /* Release */,
			);
			defaultConfigurationIsVisible = 0;
			defaultConfigurationName = Release;
		};
/* End XCConfigurationList section */
	};
	rootObject = 0BD85EC81CD4821600FFE592 /* Project object */;
}
